
Microsoft Visual Studio Solution File, Format Version 12.00
# Visual Studio 14
VisualStudioVersion = 14.0.25420.1
MinimumVisualStudioVersion = 10.0.40219.1
Project("{FAE04EC0-301F-11D3-BF4B-00C04F79EFBC}") = "SchedulerJob", "SchedulerJob\SchedulerJob.csproj", "{2E07E6CD-D099-4C7D-A557-84420525C32D}"
EndProject
Project("{FAE04EC0-301F-11D3-BF4B-00C04F79EFBC}") = "API", "API\API.csproj", "{D130E9CB-0751-481A-96ED-90BA5AF1259B}"
EndProject
Global
	GlobalSection(SolutionConfigurationPlatforms) = preSolution
		Debug|Any CPU = Debug|Any CPU
		Release|Any CPU = Release|Any CPU
	EndGlobalSection
	GlobalSection(ProjectConfigurationPlatforms) = postSolution
		{2E07E6CD-D099-4C7D-A557-84420525C32D}.Debug|Any CPU.ActiveCfg = Debug|Any CPU
		{2E07E6CD-D099-4C7D-A557-84420525C32D}.Debug|Any CPU.Build.0 = Debug|Any CPU
		{2E07E6CD-D099-4C7D-A557-84420525C32D}.Release|Any CPU.ActiveCfg = Release|Any CPU
		{2E07E6CD-D099-4C7D-A557-84420525C32D}.Release|Any CPU.Build.0 = Release|Any CPU
		{D130E9CB-0751-481A-96ED-90BA5AF1259B}.Debug|Any CPU.ActiveCfg = Debug|Any CPU
		{D130E9CB-0751-481A-96ED-90BA5AF1259B}.Debug|Any CPU.Build.0 = Debug|Any CPU
		{D130E9CB-0751-481A-96ED-90BA5AF1259B}.Release|Any CPU.ActiveCfg = Release|Any CPU
		{D130E9CB-0751-481A-96ED-90BA5AF1259B}.Release|Any CPU.Build.0 = Release|Any CPU
	EndGlobalSection
	GlobalSection(SolutionProperties) = preSolution
		HideSolutionNode = FALSE
	EndGlobalSection
EndGlobal
